# This file was autogenerated by Stack.
# You should not edit this file by hand.
# For more information, please see the documentation at:
#   https://docs.haskellstack.org/en/stable/topics/lock_files

packages: []
snapshots:
- completed:
    sha256: 2970d552fce161f40d650de4df1f619ae8eb1e4810a758c28ddc86c204df081e
    size: 775702
    url: https://raw.githubusercontent.com/commercialhaskell/stackage-snapshots/master/nightly/2026/9/16.yaml
  original: nightly-2026-09-16
